
Microsoft Visual Studio Solution File, Format Version 10.00
# Visual Studio 2008
Project("{8BC9CEB8-8B4A-11D0-8D11-00A0C91BC942}") = "Client", "Client\Client.vcproj", "{40EF0C8A-DBF6-459A-9EB3-FD0B02DF2B98}"
	ProjectSection(ProjectDependencies) = postProject
		{8FFFE91C-F0AC-4341-9F50-245B4DFAD4FB} = {8FFFE91C-F0AC-4341-9F50-245B4DFAD4FB}
		{A099C41D-458E-4914-AB7E-6B4434505EC9} = {A099C41D-458E-4914-AB7E-6B4434505EC9}
	EndProjectSection
EndProject
Project("{8BC9CEB8-8B4A-11D0-8D11-00A0C91BC942}") = "Core", "Core\Core.vcproj", "{A099C41D-458E-4914-AB7E-6B4434505EC9}"
	ProjectSection(ProjectDependencies) = postProject
		{7F5AF277-0372-4850-A63C-2E6C8E98280D} = {7F5AF277-0372-4850-A63C-2E6C8E98280D}
	EndProjectSection
EndProject
Project("{8BC9CEB8-8B4A-11D0-8D11-00A0C91BC942}") = "DX9Renderer", "DX9Renderer\DX9Renderer.vcproj", "{8FFFE91C-F0AC-4341-9F50-245B4DFAD4FB}"
	ProjectSection(ProjectDependencies) = postProject
		{A099C41D-458E-4914-AB7E-6B4434505EC9} = {A099C41D-458E-4914-AB7E-6B4434505EC9}
		{7F5AF277-0372-4850-A63C-2E6C8E98280D} = {7F5AF277-0372-4850-A63C-2E6C8E98280D}
	EndProjectSection
EndProject
Project("{8BC9CEB8-8B4A-11D0-8D11-00A0C91BC942}") = "WorldEditor", "WorldEditor\WorldEditor.vcproj", "{8030AC20-42FB-4CF0-928D-BF031BE0B213}"
EndProject
Project("{8BC9CEB8-8B4A-11D0-8D11-00A0C91BC942}") = "EffectEditor", "EffectEditor\EffectEditor.vcproj", "{5DF4EFF2-3F26-4FCE-94FB-8F6BA7A992A9}"
EndProject
Project("{8BC9CEB8-8B4A-11D0-8D11-00A0C91BC942}") = "ModelViewer", "ModelViewer\ModelViewer.vcproj", "{B134ED61-04DC-46A7-9471-7FBEE7C2C12B}"
EndProject
Project("{8BC9CEB8-8B4A-11D0-8D11-00A0C91BC942}") = "MaxPlugin", "MaxPlugin\MaxPlugin.vcproj", "{D5826E36-158F-4F35-8697-F19B564C0D35}"
EndProject
Project("{8BC9CEB8-8B4A-11D0-8D11-00A0C91BC942}") = "TinyXML", "TinyXML\TinyXML.vcproj", "{A4458B1F-0220-40F0-80E6-DCE3C880C0A1}"
EndProject
Project("{8BC9CEB8-8B4A-11D0-8D11-00A0C91BC942}") = "MemoryAllocator", "MemoryAllocator\MemoryAllocator.vcproj", "{7F5AF277-0372-4850-A63C-2E6C8E98280D}"
EndProject
Project("{2150E333-8FDC-42A3-9474-1A3956D46DE8}") = "Tool", "Tool", "{5674E339-2749-4906-8F5B-81C779A46FEC}"
EndProject
Project("{2150E333-8FDC-42A3-9474-1A3956D46DE8}") = "Engine", "Engine", "{3A9D5555-8741-42BD-8DD7-5F3DFFA641E3}"
EndProject
Project("{2150E333-8FDC-42A3-9474-1A3956D46DE8}") = "3rdLib", "3rdLib", "{B2DC95EE-5DF0-47F4-83C4-65333AA4738F}"
EndProject
Project("{2150E333-8FDC-42A3-9474-1A3956D46DE8}") = "App", "App", "{215BA64E-28FD-4CED-83CE-678A513662A7}"
EndProject
Project("{8BC9CEB8-8B4A-11D0-8D11-00A0C91BC942}") = "FBXLoader", "FBXLoader\FBXLoader.vcproj", "{CD227FB6-B105-4CD6-9E48-D6A407FE5794}"
EndProject
Global
	GlobalSection(SolutionConfigurationPlatforms) = preSolution
		Debug|Win32 = Debug|Win32
		Release|Win32 = Release|Win32
	EndGlobalSection
	GlobalSection(ProjectConfigurationPlatforms) = postSolution
		{40EF0C8A-DBF6-459A-9EB3-FD0B02DF2B98}.Debug|Win32.ActiveCfg = Debug|Win32
		{40EF0C8A-DBF6-459A-9EB3-FD0B02DF2B98}.Debug|Win32.Build.0 = Debug|Win32
		{40EF0C8A-DBF6-459A-9EB3-FD0B02DF2B98}.Release|Win32.ActiveCfg = Release|Win32
		{40EF0C8A-DBF6-459A-9EB3-FD0B02DF2B98}.Release|Win32.Build.0 = Release|Win32
		{A099C41D-458E-4914-AB7E-6B4434505EC9}.Debug|Win32.ActiveCfg = Debug|Win32
		{A099C41D-458E-4914-AB7E-6B4434505EC9}.Debug|Win32.Build.0 = Debug|Win32
		{A099C41D-458E-4914-AB7E-6B4434505EC9}.Release|Win32.ActiveCfg = Release|Win32
		{A099C41D-458E-4914-AB7E-6B4434505EC9}.Release|Win32.Build.0 = Release|Win32
		{8FFFE91C-F0AC-4341-9F50-245B4DFAD4FB}.Debug|Win32.ActiveCfg = Debug|Win32
		{8FFFE91C-F0AC-4341-9F50-245B4DFAD4FB}.Debug|Win32.Build.0 = Debug|Win32
		{8FFFE91C-F0AC-4341-9F50-245B4DFAD4FB}.Release|Win32.ActiveCfg = Release|Win32
		{8FFFE91C-F0AC-4341-9F50-245B4DFAD4FB}.Release|Win32.Build.0 = Release|Win32
		{8030AC20-42FB-4CF0-928D-BF031BE0B213}.Debug|Win32.ActiveCfg = Debug|Win32
		{8030AC20-42FB-4CF0-928D-BF031BE0B213}.Debug|Win32.Build.0 = Debug|Win32
		{8030AC20-42FB-4CF0-928D-BF031BE0B213}.Release|Win32.ActiveCfg = Release|Win32
		{8030AC20-42FB-4CF0-928D-BF031BE0B213}.Release|Win32.Build.0 = Release|Win32
		{5DF4EFF2-3F26-4FCE-94FB-8F6BA7A992A9}.Debug|Win32.ActiveCfg = Debug|Win32
		{5DF4EFF2-3F26-4FCE-94FB-8F6BA7A992A9}.Debug|Win32.Build.0 = Debug|Win32
		{5DF4EFF2-3F26-4FCE-94FB-8F6BA7A992A9}.Release|Win32.ActiveCfg = Release|Win32
		{5DF4EFF2-3F26-4FCE-94FB-8F6BA7A992A9}.Release|Win32.Build.0 = Release|Win32
		{B134ED61-04DC-46A7-9471-7FBEE7C2C12B}.Debug|Win32.ActiveCfg = Debug|Win32
		{B134ED61-04DC-46A7-9471-7FBEE7C2C12B}.Debug|Win32.Build.0 = Debug|Win32
		{B134ED61-04DC-46A7-9471-7FBEE7C2C12B}.Release|Win32.ActiveCfg = Release|Win32
		{B134ED61-04DC-46A7-9471-7FBEE7C2C12B}.Release|Win32.Build.0 = Release|Win32
		{D5826E36-158F-4F35-8697-F19B564C0D35}.Debug|Win32.ActiveCfg = Debug|Win32
		{D5826E36-158F-4F35-8697-F19B564C0D35}.Debug|Win32.Build.0 = Debug|Win32
		{D5826E36-158F-4F35-8697-F19B564C0D35}.Release|Win32.ActiveCfg = Release|Win32
		{D5826E36-158F-4F35-8697-F19B564C0D35}.Release|Win32.Build.0 = Release|Win32
		{A4458B1F-0220-40F0-80E6-DCE3C880C0A1}.Debug|Win32.ActiveCfg = Debug|Win32
		{A4458B1F-0220-40F0-80E6-DCE3C880C0A1}.Debug|Win32.Build.0 = Debug|Win32
		{A4458B1F-0220-40F0-80E6-DCE3C880C0A1}.Release|Win32.ActiveCfg = Release|Win32
		{A4458B1F-0220-40F0-80E6-DCE3C880C0A1}.Release|Win32.Build.0 = Release|Win32
		{7F5AF277-0372-4850-A63C-2E6C8E98280D}.Debug|Win32.ActiveCfg = Debug|Win32
		{7F5AF277-0372-4850-A63C-2E6C8E98280D}.Debug|Win32.Build.0 = Debug|Win32
		{7F5AF277-0372-4850-A63C-2E6C8E98280D}.Release|Win32.ActiveCfg = Release|Win32
		{7F5AF277-0372-4850-A63C-2E6C8E98280D}.Release|Win32.Build.0 = Release|Win32
		{CD227FB6-B105-4CD6-9E48-D6A407FE5794}.Debug|Win32.ActiveCfg = Debug|Win32
		{CD227FB6-B105-4CD6-9E48-D6A407FE5794}.Debug|Win32.Build.0 = Debug|Win32
		{CD227FB6-B105-4CD6-9E48-D6A407FE5794}.Release|Win32.ActiveCfg = Release|Win32
		{CD227FB6-B105-4CD6-9E48-D6A407FE5794}.Release|Win32.Build.0 = Release|Win32
	EndGlobalSection
	GlobalSection(SolutionProperties) = preSolution
		HideSolutionNode = FALSE
	EndGlobalSection
	GlobalSection(NestedProjects) = preSolution
		{40EF0C8A-DBF6-459A-9EB3-FD0B02DF2B98} = {215BA64E-28FD-4CED-83CE-678A513662A7}
		{8FFFE91C-F0AC-4341-9F50-245B4DFAD4FB} = {3A9D5555-8741-42BD-8DD7-5F3DFFA641E3}
		{A099C41D-458E-4914-AB7E-6B4434505EC9} = {3A9D5555-8741-42BD-8DD7-5F3DFFA641E3}
		{5DF4EFF2-3F26-4FCE-94FB-8F6BA7A992A9} = {5674E339-2749-4906-8F5B-81C779A46FEC}
		{B134ED61-04DC-46A7-9471-7FBEE7C2C12B} = {5674E339-2749-4906-8F5B-81C779A46FEC}
		{D5826E36-158F-4F35-8697-F19B564C0D35} = {5674E339-2749-4906-8F5B-81C779A46FEC}
		{8030AC20-42FB-4CF0-928D-BF031BE0B213} = {5674E339-2749-4906-8F5B-81C779A46FEC}
		{CD227FB6-B105-4CD6-9E48-D6A407FE5794} = {5674E339-2749-4906-8F5B-81C779A46FEC}
		{7F5AF277-0372-4850-A63C-2E6C8E98280D} = {B2DC95EE-5DF0-47F4-83C4-65333AA4738F}
		{A4458B1F-0220-40F0-80E6-DCE3C880C0A1} = {B2DC95EE-5DF0-47F4-83C4-65333AA4738F}
	EndGlobalSection
EndGlobal
